
Microsoft Visual Studio Solution File, Format Version 12.00
# Visual Studio Version 17
VisualStudioVersion = 17.11.35222.181
MinimumVisualStudioVersion = 10.0.40219.1
Project("{FAE04EC0-301F-11D3-BF4B-00C04F79EFBC}") = "Labb 1", "Labb 1.csproj", "{EA05BAFE-DB8B-4C8A-91FD-ED378596884C}"
EndProject
Global
	GlobalSection(SolutionConfigurationPlatforms) = preSolution
		Debug|Any CPU = Debug|Any CPU
		Release|Any CPU = Release|Any CPU
	EndGlobalSection
	GlobalSection(ProjectConfigurationPlatforms) = postSolution
		{EA05BAFE-DB8B-4C8A-91FD-ED378596884C}.Debug|Any CPU.ActiveCfg = Debug|Any CPU
		{EA05BAFE-DB8B-4C8A-91FD-ED378596884C}.Debug|Any CPU.Build.0 = Debug|Any CPU
		{EA05BAFE-DB8B-4C8A-91FD-ED378596884C}.Release|Any CPU.ActiveCfg = Release|Any CPU
		{EA05BAFE-DB8B-4C8A-91FD-ED378596884C}.Release|Any CPU.Build.0 = Release|Any CPU
	EndGlobalSection
	GlobalSection(SolutionProperties) = preSolution
		HideSolutionNode = FALSE
	EndGlobalSection
	GlobalSection(ExtensibilityGlobals) = postSolution
		SolutionGuid = {6DB499A0-F769-486F-99E5-EC73CD0DECB2}
	EndGlobalSection
EndGlobal
